
Microsoft Visual Studio Solution File, Format Version 12.00
# Visual Studio 15
VisualStudioVersion = 15.0.27130.2010
MinimumVisualStudioVersion = 10.0.40219.1
Project("{FAE04EC0-301F-11D3-BF4B-00C04F79EFBC}") = "BinanceAPI", "BinanceAPI.csproj", "{8E3AB867-0385-4950-9503-A664EAFB8327}"
EndProject
Global
	GlobalSection(SolutionConfigurationPlatforms) = preSolution
		Debug|Any CPU = Debug|Any CPU
		Release|Any CPU = Release|Any CPU
	EndGlobalSection
	GlobalSection(ProjectConfigurationPlatforms) = postSolution
		{8E3AB867-0385-4950-9503-A664EAFB8327}.Debug|Any CPU.ActiveCfg = Debug|Any CPU
		{8E3AB867-0385-4950-9503-A664EAFB8327}.Debug|Any CPU.Build.0 = Debug|Any CPU
		{8E3AB867-0385-4950-9503-A664EAFB8327}.Release|Any CPU.ActiveCfg = Release|Any CPU
		{8E3AB867-0385-4950-9503-A664EAFB8327}.Release|Any CPU.Build.0 = Release|Any CPU
	EndGlobalSection
	GlobalSection(SolutionProperties) = preSolution
		HideSolutionNode = FALSE
	EndGlobalSection
	GlobalSection(ExtensibilityGlobals) = postSolution
		SolutionGuid = {646E94F9-03EB-447E-BE8E-A44DB2191773}
	EndGlobalSection
EndGlobal
